
Microsoft Visual Studio Solution File, Format Version 12.00
# Visual Studio Version 17
VisualStudioVersion = 17.9.34728.123
MinimumVisualStudioVersion = 10.0.40219.1
Project("{FAE04EC0-301F-11D3-BF4B-00C04F79EFBC}") = "Basics", "Basics\Basics.csproj", "{BFC84C32-850B-4799-AEAF-2A2C22823E1A}"
EndProject
Global
	GlobalSection(SolutionConfigurationPlatforms) = preSolution
		Debug|Any CPU = Debug|Any CPU
		Release|Any CPU = Release|Any CPU
	EndGlobalSection
	GlobalSection(ProjectConfigurationPlatforms) = postSolution
		{BFC84C32-850B-4799-AEAF-2A2C22823E1A}.Debug|Any CPU.ActiveCfg = Debug|Any CPU
		{BFC84C32-850B-4799-AEAF-2A2C22823E1A}.Debug|Any CPU.Build.0 = Debug|Any CPU
		{BFC84C32-850B-4799-AEAF-2A2C22823E1A}.Release|Any CPU.ActiveCfg = Release|Any CPU
		{BFC84C32-850B-4799-AEAF-2A2C22823E1A}.Release|Any CPU.Build.0 = Release|Any CPU
	EndGlobalSection
	GlobalSection(SolutionProperties) = preSolution
		HideSolutionNode = FALSE
	EndGlobalSection
	GlobalSection(ExtensibilityGlobals) = postSolution
		SolutionGuid = {4822F3DB-B3CD-4663-93BC-9A3246E06667}
	EndGlobalSection
EndGlobal
