
Microsoft Visual Studio Solution File, Format Version 12.00
# Visual Studio Version 17
VisualStudioVersion = 17.9.34728.123
MinimumVisualStudioVersion = 10.0.40219.1
Project("{FAE04EC0-301F-11D3-BF4B-00C04F79EFBC}") = "DAY3", "DAY3.csproj", "{DB5BE614-4B08-47FD-AFA4-6DC01D0D43BB}"
EndProject
Global
	GlobalSection(SolutionConfigurationPlatforms) = preSolution
		Debug|Any CPU = Debug|Any CPU
		Release|Any CPU = Release|Any CPU
	EndGlobalSection
	GlobalSection(ProjectConfigurationPlatforms) = postSolution
		{DB5BE614-4B08-47FD-AFA4-6DC01D0D43BB}.Debug|Any CPU.ActiveCfg = Debug|Any CPU
		{DB5BE614-4B08-47FD-AFA4-6DC01D0D43BB}.Debug|Any CPU.Build.0 = Debug|Any CPU
		{DB5BE614-4B08-47FD-AFA4-6DC01D0D43BB}.Release|Any CPU.ActiveCfg = Release|Any CPU
		{DB5BE614-4B08-47FD-AFA4-6DC01D0D43BB}.Release|Any CPU.Build.0 = Release|Any CPU
	EndGlobalSection
	GlobalSection(SolutionProperties) = preSolution
		HideSolutionNode = FALSE
	EndGlobalSection
	GlobalSection(ExtensibilityGlobals) = postSolution
		SolutionGuid = {72C42CF5-8A06-469C-AC57-EBDCDBE095C8}
	EndGlobalSection
EndGlobal
